// !$*UTF8*$!
{
	archiveVersion = 1;
	classes = {
	};
	objectVersion = 46;
	objects = {

/* Begin PBXBuildFile section */
		5C13874E194839A3009EF184 /* LiveVTSChLiveViewController.m in Sources */ = {isa = PBXBuildFile; fileRef = 5C13874D194839A3009EF184 /* LiveVTSChLiveViewController.m */; };
		5C13875019483E44009EF184 /* AVFoundation.framework in Frameworks */ = {isa = PBXBuildFile; fileRef = 5C13874F19483E44009EF184 /* AVFoundation.framework */; };
		5C13875219483E4C009EF184 /* AudioToolbox.framework in Frameworks */ = {isa = PBXBuildFile; fileRef = 5C13875119483E4C009EF184 /* AudioToolbox.framework */; };
		5C13875419483E5F009EF184 /* SystemConfiguration.framework in Frameworks */ = {isa = PBXBuildFile; fileRef = 5C13875319483E5F009EF184 /* SystemConfiguration.framework */; };
		5C138757194841CF009EF184 /* AudioPlayerView.m in Sources */ = {isa = PBXBuildFile; fileRef = 5C138756194841CF009EF184 /* AudioPlayerView.m */; };
		5C13875A19484241009EF184 /* SampleQueueId.m in Sources */ = {isa = PBXBuildFile; fileRef = 5C13875919484241009EF184 /* SampleQueueId.m */; };
		5CE99440194830900089F309 /* Foundation.framework in Frameworks */ = {isa = PBXBuildFile; fileRef = 5CE9943F194830900089F309 /* Foundation.framework */; };
		5CE99442194830900089F309 /* CoreGraphics.framework in Frameworks */ = {isa = PBXBuildFile; fileRef = 5CE99441194830900089F309 /* CoreGraphics.framework */; };
		5CE99444194830900089F309 /* UIKit.framework in Frameworks */ = {isa = PBXBuildFile; fileRef = 5CE99443194830900089F309 /* UIKit.framework */; };
		5CE9944A194830900089F309 /* InfoPlist.strings in Resources */ = {isa = PBXBuildFile; fileRef = 5CE99448194830900089F309 /* InfoPlist.strings */; };
		5CE9944C194830900089F309 /* main.m in Sources */ = {isa = PBXBuildFile; fileRef = 5CE9944B194830900089F309 /* main.m */; };
		5CE99450194830900089F309 /* LiveVTSAppDelegate.m in Sources */ = {isa = PBXBuildFile; fileRef = 5CE9944F194830900089F309 /* LiveVTSAppDelegate.m */; };
		5CE99453194830900089F309 /* Main.storyboard in Resources */ = {isa = PBXBuildFile; fileRef = 5CE99451194830900089F309 /* Main.storyboard */; };
		5CE99456194830900089F309 /* LiveVTSViewController.m in Sources */ = {isa = PBXBuildFile; fileRef = 5CE99455194830900089F309 /* LiveVTSViewController.m */; };
		5CE99458194830900089F309 /* Images.xcassets in Resources */ = {isa = PBXBuildFile; fileRef = 5CE99457194830900089F309 /* Images.xcassets */; };
		5CE9945F194830900089F309 /* XCTest.framework in Frameworks */ = {isa = PBXBuildFile; fileRef = 5CE9945E194830900089F309 /* XCTest.framework */; };
		5CE99460194830900089F309 /* Foundation.framework in Frameworks */ = {isa = PBXBuildFile; fileRef = 5CE9943F194830900089F309 /* Foundation.framework */; };
		5CE99461194830900089F309 /* UIKit.framework in Frameworks */ = {isa = PBXBuildFile; fileRef = 5CE99443194830900089F309 /* UIKit.framework */; };
		5CE99469194830900089F309 /* InfoPlist.strings in Resources */ = {isa = PBXBuildFile; fileRef = 5CE99467194830900089F309 /* InfoPlist.strings */; };
		5CE9946B194830900089F309 /* LiveVTSTests.m in Sources */ = {isa = PBXBuildFile; fileRef = 5CE9946A194830900089F309 /* LiveVTSTests.m */; };
		A727F9C6293C4D64973CC438 /* libPods-LiveVTS.a in Frameworks */ = {isa = PBXBuildFile; fileRef = 0CF76B30E11E49BB96C845C5 /* libPods-LiveVTS.a */; };
/* End PBXBuildFile section */

/* Begin PBXContainerItemProxy section */
		5CE99462194830900089F309 /* PBXContainerItemProxy */ = {
			isa = PBXContainerItemProxy;
			containerPortal = 5CE99434194830900089F309 /* Project object */;
			proxyType = 1;
			remoteGlobalIDString = 5CE9943B194830900089F309;
			remoteInfo = LiveVTS;
		};
/* End PBXContainerItemProxy section */

/* Begin PBXFileReference section */
		0CF76B30E11E49BB96C845C5 /* libPods-LiveVTS.a */ = {isa = PBXFileReference; explicitFileType = archive.ar; includeInIndex = 0; path = "libPods-LiveVTS.a"; sourceTree = BUILT_PRODUCTS_DIR; };
		5C13874C194839A3009EF184 /* LiveVTSChLiveViewController.h */ = {isa = PBXFileReference; fileEncoding = 4; lastKnownFileType = sourcecode.c.h; path = LiveVTSChLiveViewController.h; sourceTree = "<group>"; };
		5C13874D194839A3009EF184 /* LiveVTSChLiveViewController.m */ = {isa = PBXFileReference; fileEncoding = 4; lastKnownFileType = sourcecode.c.objc; path = LiveVTSChLiveViewController.m; sourceTree = "<group>"; };
		5C13874F19483E44009EF184 /* AVFoundation.framework */ = {isa = PBXFileReference; lastKnownFileType = wrapper.framework; name = AVFoundation.framework; path = System/Library/Frameworks/AVFoundation.framework; sourceTree = SDKROOT; };
		5C13875119483E4C009EF184 /* AudioToolbox.framework */ = {isa = PBXFileReference; lastKnownFileType = wrapper.framework; name = AudioToolbox.framework; path = System/Library/Frameworks/AudioToolbox.framework; sourceTree = SDKROOT; };
		5C13875319483E5F009EF184 /* SystemConfiguration.framework */ = {isa = PBXFileReference; lastKnownFileType = wrapper.framework; name = SystemConfiguration.framework; path = System/Library/Frameworks/SystemConfiguration.framework; sourceTree = SDKROOT; };
		5C138755194841CF009EF184 /* AudioPlayerView.h */ = {isa = PBXFileReference; fileEncoding = 4; lastKnownFileType = sourcecode.c.h; path = AudioPlayerView.h; sourceTree = "<group>"; };
		5C138756194841CF009EF184 /* AudioPlayerView.m */ = {isa = PBXFileReference; fileEncoding = 4; lastKnownFileType = sourcecode.c.objc; path = AudioPlayerView.m; sourceTree = "<group>"; };
		5C13875819484241009EF184 /* SampleQueueId.h */ = {isa = PBXFileReference; fileEncoding = 4; lastKnownFileType = sourcecode.c.h; path = SampleQueueId.h; sourceTree = "<group>"; };
		5C13875919484241009EF184 /* SampleQueueId.m */ = {isa = PBXFileReference; fileEncoding = 4; lastKnownFileType = sourcecode.c.objc; path = SampleQueueId.m; sourceTree = "<group>"; };
		5CE9943C194830900089F309 /* LiveVTS.app */ = {isa = PBXFileReference; explicitFileType = wrapper.application; includeInIndex = 0; path = LiveVTS.app; sourceTree = BUILT_PRODUCTS_DIR; };
		5CE9943F194830900089F309 /* Foundation.framework */ = {isa = PBXFileReference; lastKnownFileType = wrapper.framework; name = Foundation.framework; path = System/Library/Frameworks/Foundation.framework; sourceTree = SDKROOT; };
		5CE99441194830900089F309 /* CoreGraphics.framework */ = {isa = PBXFileReference; lastKnownFileType = wrapper.framework; name = CoreGraphics.framework; path = System/Library/Frameworks/CoreGraphics.framework; sourceTree = SDKROOT; };
		5CE99443194830900089F309 /* UIKit.framework */ = {isa = PBXFileReference; lastKnownFileType = wrapper.framework; name = UIKit.framework; path = System/Library/Frameworks/UIKit.framework; sourceTree = SDKROOT; };
		5CE99447194830900089F309 /* LiveVTS-Info.plist */ = {isa = PBXFileReference; lastKnownFileType = text.plist.xml; path = "LiveVTS-Info.plist"; sourceTree = "<group>"; };
		5CE99449194830900089F309 /* en */ = {isa = PBXFileReference; lastKnownFileType = text.plist.strings; name = en; path = en.lproj/InfoPlist.strings; sourceTree = "<group>"; };
		5CE9944B194830900089F309 /* main.m */ = {isa = PBXFileReference; lastKnownFileType = sourcecode.c.objc; path = main.m; sourceTree = "<group>"; };
		5CE9944D194830900089F309 /* LiveVTS-Prefix.pch */ = {isa = PBXFileReference; lastKnownFileType = sourcecode.c.h; path = "LiveVTS-Prefix.pch"; sourceTree = "<group>"; };
		5CE9944E194830900089F309 /* LiveVTSAppDelegate.h */ = {isa = PBXFileReference; lastKnownFileType = sourcecode.c.h; path = LiveVTSAppDelegate.h; sourceTree = "<group>"; };
		5CE9944F194830900089F309 /* LiveVTSAppDelegate.m */ = {isa = PBXFileReference; lastKnownFileType = sourcecode.c.objc; path = LiveVTSAppDelegate.m; sourceTree = "<group>"; };
		5CE99452194830900089F309 /* Base */ = {isa = PBXFileReference; lastKnownFileType = file.storyboard; name = Base; path = Base.lproj/Main.storyboard; sourceTree = "<group>"; };
		5CE99454194830900089F309 /* LiveVTSViewController.h */ = {isa = PBXFileReference; lastKnownFileType = sourcecode.c.h; path = LiveVTSViewController.h; sourceTree = "<group>"; };
		5CE99455194830900089F309 /* LiveVTSViewController.m */ = {isa = PBXFileReference; lastKnownFileType = sourcecode.c.objc; path = LiveVTSViewController.m; sourceTree = "<group>"; };
		5CE99457194830900089F309 /* Images.xcassets */ = {isa = PBXFileReference; lastKnownFileType = folder.assetcatalog; path = Images.xcassets; sourceTree = "<group>"; };
		5CE9945D194830900089F309 /* LiveVTSTests.xctest */ = {isa = PBXFileReference; explicitFileType = wrapper.cfbundle; includeInIndex = 0; path = LiveVTSTests.xctest; sourceTree = BUILT_PRODUCTS_DIR; };
		5CE9945E194830900089F309 /* XCTest.framework */ = {isa = PBXFileReference; lastKnownFileType = wrapper.framework; name = XCTest.framework; path = Library/Frameworks/XCTest.framework; sourceTree = DEVELOPER_DIR; };
		5CE99466194830900089F309 /* LiveVTSTests-Info.plist */ = {isa = PBXFileReference; lastKnownFileType = text.plist.xml; path = "LiveVTSTests-Info.plist"; sourceTree = "<group>"; };
		5CE99468194830900089F309 /* en */ = {isa = PBXFileReference; lastKnownFileType = text.plist.strings; name = en; path = en.lproj/InfoPlist.strings; sourceTree = "<group>"; };
		5CE9946A194830900089F309 /* LiveVTSTests.m */ = {isa = PBXFileReference; lastKnownFileType = sourcecode.c.objc; path = LiveVTSTests.m; sourceTree = "<group>"; };
		9324C71E431A487C98F5E30C /* Pods-LiveVTS.xcconfig */ = {isa = PBXFileReference; includeInIndex = 1; lastKnownFileType = text.xcconfig; name = "Pods-LiveVTS.xcconfig"; path = "Pods/Pods-LiveVTS.xcconfig"; sourceTree = "<group>"; };
/* End PBXFileReference section */

/* Begin PBXFrameworksBuildPhase section */
		5CE99439194830900089F309 /* Frameworks */ = {
			isa = PBXFrameworksBuildPhase;
			buildActionMask = 2147483647;
			files = (
				5C13875419483E5F009EF184 /* SystemConfiguration.framework in Frameworks */,
				5C13875219483E4C009EF184 /* AudioToolbox.framework in Frameworks */,
				5C13875019483E44009EF184 /* AVFoundation.framework in Frameworks */,
				5CE99442194830900089F309 /* CoreGraphics.framework in Frameworks */,
				5CE99444194830900089F309 /* UIKit.framework in Frameworks */,
				5CE99440194830900089F309 /* Foundation.framework in Frameworks */,
				A727F9C6293C4D64973CC438 /* libPods-LiveVTS.a in Frameworks */,
			);
			runOnlyForDeploymentPostprocessing = 0;
		};
		5CE9945A194830900089F309 /* Frameworks */ = {
			isa = PBXFrameworksBuildPhase;
			buildActionMask = 2147483647;
			files = (
				5CE9945F194830900089F309 /* XCTest.framework in Frameworks */,
				5CE99461194830900089F309 /* UIKit.framework in Frameworks */,
				5CE99460194830900089F309 /* Foundation.framework in Frameworks */,
			);
			runOnlyForDeploymentPostprocessing = 0;
		};
/* End PBXFrameworksBuildPhase section */

/* Begin PBXGroup section */
		5CE99433194830900089F309 = {
			isa = PBXGroup;
			children = (
				5CE99445194830900089F309 /* LiveVTS */,
				5CE99464194830900089F309 /* LiveVTSTests */,
				5CE9943E194830900089F309 /* Frameworks */,
				5CE9943D194830900089F309 /* Products */,
				9324C71E431A487C98F5E30C /* Pods-LiveVTS.xcconfig */,
			);
			sourceTree = "<group>";
		};
		5CE9943D194830900089F309 /* Products */ = {
			isa = PBXGroup;
			children = (
				5CE9943C194830900089F309 /* LiveVTS.app */,
				5CE9945D194830900089F309 /* LiveVTSTests.xctest */,
			);
			name = Products;
			sourceTree = "<group>";
		};
		5CE9943E194830900089F309 /* Frameworks */ = {
			isa = PBXGroup;
			children = (
				5C13875319483E5F009EF184 /* SystemConfiguration.framework */,
				5C13875119483E4C009EF184 /* AudioToolbox.framework */,
				5C13874F19483E44009EF184 /* AVFoundation.framework */,
				5CE9943F194830900089F309 /* Foundation.framework */,
				5CE99441194830900089F309 /* CoreGraphics.framework */,
				5CE99443194830900089F309 /* UIKit.framework */,
				5CE9945E194830900089F309 /* XCTest.framework */,
				0CF76B30E11E49BB96C845C5 /* libPods-LiveVTS.a */,
			);
			name = Frameworks;
			sourceTree = "<group>";
		};
		5CE99445194830900089F309 /* LiveVTS */ = {
			isa = PBXGroup;
			children = (
				5C13875819484241009EF184 /* SampleQueueId.h */,
				5C13875919484241009EF184 /* SampleQueueId.m */,
				5C138755194841CF009EF184 /* AudioPlayerView.h */,
				5C138756194841CF009EF184 /* AudioPlayerView.m */,
				5CE9944E194830900089F309 /* LiveVTSAppDelegate.h */,
				5CE9944F194830900089F309 /* LiveVTSAppDelegate.m */,
				5CE99451194830900089F309 /* Main.storyboard */,
				5C13874C194839A3009EF184 /* LiveVTSChLiveViewController.h */,
				5C13874D194839A3009EF184 /* LiveVTSChLiveViewController.m */,
				5CE99454194830900089F309 /* LiveVTSViewController.h */,
				5CE99455194830900089F309 /* LiveVTSViewController.m */,
				5CE99457194830900089F309 /* Images.xcassets */,
				5CE99446194830900089F309 /* Supporting Files */,
			);
			path = LiveVTS;
			sourceTree = "<group>";
		};
		5CE99446194830900089F309 /* Supporting Files */ = {
			isa = PBXGroup;
			children = (
				5CE99447194830900089F309 /* LiveVTS-Info.plist */,
				5CE99448194830900089F309 /* InfoPlist.strings */,
				5CE9944B194830900089F309 /* main.m */,
				5CE9944D194830900089F309 /* LiveVTS-Prefix.pch */,
			);
			name = "Supporting Files";
			sourceTree = "<group>";
		};
		5CE99464194830900089F309 /* LiveVTSTests */ = {
			isa = PBXGroup;
			children = (
				5CE9946A194830900089F309 /* LiveVTSTests.m */,
				5CE99465194830900089F309 /* Supporting Files */,
			);
			path = LiveVTSTests;
			sourceTree = "<group>";
		};
		5CE99465194830900089F309 /* Supporting Files */ = {
			isa = PBXGroup;
			children = (
				5CE99466194830900089F309 /* LiveVTSTests-Info.plist */,
				5CE99467194830900089F309 /* InfoPlist.strings */,
			);
			name = "Supporting Files";
			sourceTree = "<group>";
		};
/* End PBXGroup section */

/* Begin PBXNativeTarget section */
		5CE9943B194830900089F309 /* LiveVTS */ = {
			isa = PBXNativeTarget;
			buildConfigurationList = 5CE9946E194830900089F309 /* Build configuration list for PBXNativeTarget "LiveVTS" */;
			buildPhases = (
				75C9B2826179479697B0F822 /* Check Pods Manifest.lock */,
				5CE99438194830900089F309 /* Sources */,
				5CE99439194830900089F309 /* Frameworks */,
				5CE9943A194830900089F309 /* Resources */,
				0C872254F39C4BF0AC47C944 /* Copy Pods Resources */,
			);
			buildRules = (
			);
			dependencies = (
			);
			name = LiveVTS;
			productName = LiveVTS;
			productReference = 5CE9943C194830900089F309 /* LiveVTS.app */;
			productType = "com.apple.product-type.application";
		};
		5CE9945C194830900089F309 /* LiveVTSTests */ = {
			isa = PBXNativeTarget;
			buildConfigurationList = 5CE99471194830900089F309 /* Build configuration list for PBXNativeTarget "LiveVTSTests" */;
			buildPhases = (
				5CE99459194830900089F309 /* Sources */,
				5CE9945A194830900089F309 /* Frameworks */,
				5CE9945B194830900089F309 /* Resources */,
			);
			buildRules = (
			);
			dependencies = (
				5CE99463194830900089F309 /* PBXTargetDependency */,
			);
			name = LiveVTSTests;
			productName = LiveVTSTests;
			productReference = 5CE9945D194830900089F309 /* LiveVTSTests.xctest */;
			productType = "com.apple.product-type.bundle.unit-test";
		};
/* End PBXNativeTarget section */

/* Begin PBXProject section */
		5CE99434194830900089F309 /* Project object */ = {
			isa = PBXProject;
			attributes = {
				CLASSPREFIX = LiveVTS;
				LastUpgradeCheck = 0510;
				ORGANIZATIONNAME = UOCEAN;
				TargetAttributes = {
					5CE9945C194830900089F309 = {
						TestTargetID = 5CE9943B194830900089F309;
					};
				};
			};
			buildConfigurationList = 5CE99437194830900089F309 /* Build configuration list for PBXProject "LiveVTS" */;
			compatibilityVersion = "Xcode 3.2";
			developmentRegion = English;
			hasScannedForEncodings = 0;
			knownRegions = (
				en,
				Base,
			);
			mainGroup = 5CE99433194830900089F309;
			productRefGroup = 5CE9943D194830900089F309 /* Products */;
			projectDirPath = "";
			projectRoot = "";
			targets = (
				5CE9943B194830900089F309 /* LiveVTS */,
				5CE9945C194830900089F309 /* LiveVTSTests */,
			);
		};
/* End PBXProject section */

/* Begin PBXResourcesBuildPhase section */
		5CE9943A194830900089F309 /* Resources */ = {
			isa = PBXResourcesBuildPhase;
			buildActionMask = 2147483647;
			files = (
				5CE99458194830900089F309 /* Images.xcassets in Resources */,
				5CE9944A194830900089F309 /* InfoPlist.strings in Resources */,
				5CE99453194830900089F309 /* Main.storyboard in Resources */,
			);
			runOnlyForDeploymentPostprocessing = 0;
		};
		5CE9945B194830900089F309 /* Resources */ = {
			isa = PBXResourcesBuildPhase;
			buildActionMask = 2147483647;
			files = (
				5CE99469194830900089F309 /* InfoPlist.strings in Resources */,
			);
			runOnlyForDeploymentPostprocessing = 0;
		};
/* End PBXResourcesBuildPhase section */

/* Begin PBXShellScriptBuildPhase section */
		0C872254F39C4BF0AC47C944 /* Copy Pods Resources */ = {
			isa = PBXShellScriptBuildPhase;
			buildActionMask = 2147483647;
			files = (
			);
			inputPaths = (
			);
			name = "Copy Pods Resources";
			outputPaths = (
			);
			runOnlyForDeploymentPostprocessing = 0;
			shellPath = /bin/sh;
			shellScript = "\"${SRCROOT}/Pods/Pods-LiveVTS-resources.sh\"\n";
			showEnvVarsInLog = 0;
		};
		75C9B2826179479697B0F822 /* Check Pods Manifest.lock */ = {
			isa = PBXShellScriptBuildPhase;
			buildActionMask = 2147483647;
			files = (
			);
			inputPaths = (
			);
			name = "Check Pods Manifest.lock";
			outputPaths = (
			);
			runOnlyForDeploymentPostprocessing = 0;
			shellPath = /bin/sh;
			shellScript = "diff \"${PODS_ROOT}/../Podfile.lock\" \"${PODS_ROOT}/Manifest.lock\" > /dev/null\nif [[ $? != 0 ]] ; then\n    cat << EOM\nerror: The sandbox is not in sync with the Podfile.lock. Run 'pod install' or update your CocoaPods installation.\nEOM\n    exit 1\nfi\n";
			showEnvVarsInLog = 0;
		};
/* End PBXShellScriptBuildPhase section */

/* Begin PBXSourcesBuildPhase section */
		5CE99438194830900089F309 /* Sources */ = {
			isa = PBXSourcesBuildPhase;
			buildActionMask = 2147483647;
			files = (
				5CE99456194830900089F309 /* LiveVTSViewController.m in Sources */,
				5C138757194841CF009EF184 /* AudioPlayerView.m in Sources */,
				5CE99450194830900089F309 /* LiveVTSAppDelegate.m in Sources */,
				5CE9944C194830900089F309 /* main.m in Sources */,
				5C13875A19484241009EF184 /* SampleQueueId.m in Sources */,
				5C13874E194839A3009EF184 /* LiveVTSChLiveViewController.m in Sources */,
			);
			runOnlyForDeploymentPostprocessing = 0;
		};
		5CE99459194830900089F309 /* Sources */ = {
			isa = PBXSourcesBuildPhase;
			buildActionMask = 2147483647;
			files = (
				5CE9946B194830900089F309 /* LiveVTSTests.m in Sources */,
			);
			runOnlyForDeploymentPostprocessing = 0;
		};
/* End PBXSourcesBuildPhase section */

/* Begin PBXTargetDependency section */
		5CE99463194830900089F309 /* PBXTargetDependency */ = {
			isa = PBXTargetDependency;
			target = 5CE9943B194830900089F309 /* LiveVTS */;
			targetProxy = 5CE99462194830900089F309 /* PBXContainerItemProxy */;
		};
/* End PBXTargetDependency section */

/* Begin PBXVariantGroup section */
		5CE99448194830900089F309 /* InfoPlist.strings */ = {
			isa = PBXVariantGroup;
			children = (
				5CE99449194830900089F309 /* en */,
			);
			name = InfoPlist.strings;
			sourceTree = "<group>";
		};
		5CE99451194830900089F309 /* Main.storyboard */ = {
			isa = PBXVariantGroup;
			children = (
				5CE99452194830900089F309 /* Base */,
			);
			name = Main.storyboard;
			sourceTree = "<group>";
		};
		5CE99467194830900089F309 /* InfoPlist.strings */ = {
			isa = PBXVariantGroup;
			children = (
				5CE99468194830900089F309 /* en */,
			);
			name = InfoPlist.strings;
			sourceTree = "<group>";
		};
/* End PBXVariantGroup section */

/* Begin XCBuildConfiguration section */
		5CE9946C194830900089F309 /* Debug */ = {
			isa = XCBuildConfiguration;
			buildSettings = {
				ALWAYS_SEARCH_USER_PATHS = NO;
				CLANG_CXX_LANGUAGE_STANDARD = "gnu++0x";
				CLANG_CXX_LIBRARY = "libc++";
				CLANG_ENABLE_MODULES = YES;
				CLANG_ENABLE_OBJC_ARC = YES;
				CLANG_WARN_BOOL_CONVERSION = YES;
				CLANG_WARN_CONSTANT_CONVERSION = YES;
				CLANG_WARN_DIRECT_OBJC_ISA_USAGE = YES_ERROR;
				CLANG_WARN_EMPTY_BODY = YES;
				CLANG_WARN_ENUM_CONVERSION = YES;
				CLANG_WARN_INT_CONVERSION = YES;
				CLANG_WARN_OBJC_ROOT_CLASS = YES_ERROR;
				CLANG_WARN__DUPLICATE_METHOD_MATCH = YES;
				"CODE_SIGN_IDENTITY[sdk=iphoneos*]" = "iPhone Developer";
				COPY_PHASE_STRIP = NO;
				GCC_C_LANGUAGE_STANDARD = gnu99;
				GCC_DYNAMIC_NO_PIC = NO;
				GCC_OPTIMIZATION_LEVEL = 0;
				GCC_PREPROCESSOR_DEFINITIONS = (
					"DEBUG=1",
					"$(inherited)",
				);
				GCC_SYMBOLS_PRIVATE_EXTERN = NO;
				GCC_WARN_64_TO_32_BIT_CONVERSION = YES;
				GCC_WARN_ABOUT_RETURN_TYPE = YES_ERROR;
				GCC_WARN_UNDECLARED_SELECTOR = YES;
				GCC_WARN_UNINITIALIZED_AUTOS = YES_AGGRESSIVE;
				GCC_WARN_UNUSED_FUNCTION = YES;
				GCC_WARN_UNUSED_VARIABLE = YES;
				IPHONEOS_DEPLOYMENT_TARGET = 7.1;
				ONLY_ACTIVE_ARCH = YES;
				SDKROOT = iphoneos;
			};
			name = Debug;
		};
		5CE9946D194830900089F309 /* Release */ = {
			isa = XCBuildConfiguration;
			buildSettings = {
				ALWAYS_SEARCH_USER_PATHS = NO;
				CLANG_CXX_LANGUAGE_STANDARD = "gnu++0x";
				CLANG_CXX_LIBRARY = "libc++";
				CLANG_ENABLE_MODULES = YES;
				CLANG_ENABLE_OBJC_ARC = YES;
				CLANG_WARN_BOOL_CONVERSION = YES;
				CLANG_WARN_CONSTANT_CONVERSION = YES;
				CLANG_WARN_DIRECT_OBJC_ISA_USAGE = YES_ERROR;
				CLANG_WARN_EMPTY_BODY = YES;
				CLANG_WARN_ENUM_CONVERSION = YES;
				CLANG_WARN_INT_CONVERSION = YES;
				CLANG_WARN_OBJC_ROOT_CLASS = YES_ERROR;
				CLANG_WARN__DUPLICATE_METHOD_MATCH = YES;
				"CODE_SIGN_IDENTITY[sdk=iphoneos*]" = "iPhone Developer";
				COPY_PHASE_STRIP = YES;
				ENABLE_NS_ASSERTIONS = NO;
				GCC_C_LANGUAGE_STANDARD = gnu99;
				GCC_WARN_64_TO_32_BIT_CONVERSION = YES;
				GCC_WARN_ABOUT_RETURN_TYPE = YES_ERROR;
				GCC_WARN_UNDECLARED_SELECTOR = YES;
				GCC_WARN_UNINITIALIZED_AUTOS = YES_AGGRESSIVE;
				GCC_WARN_UNUSED_FUNCTION = YES;
				GCC_WARN_UNUSED_VARIABLE = YES;
				IPHONEOS_DEPLOYMENT_TARGET = 7.1;
				SDKROOT = iphoneos;
				VALIDATE_PRODUCT = YES;
			};
			name = Release;
		};
		5CE9946F194830900089F309 /* Debug */ = {
			isa = XCBuildConfiguration;
			baseConfigurationReference = 9324C71E431A487C98F5E30C /* Pods-LiveVTS.xcconfig */;
			buildSettings = {
				ASSETCATALOG_COMPILER_APPICON_NAME = AppIcon;
				ASSETCATALOG_COMPILER_LAUNCHIMAGE_NAME = LaunchImage;
				GCC_PRECOMPILE_PREFIX_HEADER = YES;
				GCC_PREFIX_HEADER = "LiveVTS/LiveVTS-Prefix.pch";
				INFOPLIST_FILE = "LiveVTS/LiveVTS-Info.plist";
				IPHONEOS_DEPLOYMENT_TARGET = 7.1;
				PRODUCT_NAME = "$(TARGET_NAME)";
				TARGETED_DEVICE_FAMILY = 1;
				WRAPPER_EXTENSION = app;
			};
			name = Debug;
		};
		5CE99470194830900089F309 /* Release */ = {
			isa = XCBuildConfiguration;
			baseConfigurationReference = 9324C71E431A487C98F5E30C /* Pods-LiveVTS.xcconfig */;
			buildSettings = {
				ASSETCATALOG_COMPILER_APPICON_NAME = AppIcon;
				ASSETCATALOG_COMPILER_LAUNCHIMAGE_NAME = LaunchImage;
				GCC_PRECOMPILE_PREFIX_HEADER = YES;
				GCC_PREFIX_HEADER = "LiveVTS/LiveVTS-Prefix.pch";
				INFOPLIST_FILE = "LiveVTS/LiveVTS-Info.plist";
				IPHONEOS_DEPLOYMENT_TARGET = 7.1;
				PRODUCT_NAME = "$(TARGET_NAME)";
				TARGETED_DEVICE_FAMILY = 1;
				WRAPPER_EXTENSION = app;
			};
			name = Release;
		};
		5CE99472194830900089F309 /* Debug */ = {
			isa = XCBuildConfiguration;
			buildSettings = {
				BUNDLE_LOADER = "$(BUILT_PRODUCTS_DIR)/LiveVTS.app/LiveVTS";
				FRAMEWORK_SEARCH_PATHS = (
					"$(SDKROOT)/Developer/Library/Frameworks",
					"$(inherited)",
					"$(DEVELOPER_FRAMEWORKS_DIR)",
				);
				GCC_PRECOMPILE_PREFIX_HEADER = YES;
				GCC_PREFIX_HEADER = "LiveVTS/LiveVTS-Prefix.pch";
				GCC_PREPROCESSOR_DEFINITIONS = (
					"DEBUG=1",
					"$(inherited)",
				);
				INFOPLIST_FILE = "LiveVTSTests/LiveVTSTests-Info.plist";
				PRODUCT_NAME = "$(TARGET_NAME)";
				TEST_HOST = "$(BUNDLE_LOADER)";
				WRAPPER_EXTENSION = xctest;
			};
			name = Debug;
		};
		5CE99473194830900089F309 /* Release */ = {
			isa = XCBuildConfiguration;
			buildSettings = {
				BUNDLE_LOADER = "$(BUILT_PRODUCTS_DIR)/LiveVTS.app/LiveVTS";
				FRAMEWORK_SEARCH_PATHS = (
					"$(SDKROOT)/Developer/Library/Frameworks",
					"$(inherited)",
					"$(DEVELOPER_FRAMEWORKS_DIR)",
				);
				GCC_PRECOMPILE_PREFIX_HEADER = YES;
				GCC_PREFIX_HEADER = "LiveVTS/LiveVTS-Prefix.pch";
				INFOPLIST_FILE = "LiveVTSTests/LiveVTSTests-Info.plist";
				PRODUCT_NAME = "$(TARGET_NAME)";
				TEST_HOST = "$(BUNDLE_LOADER)";
				WRAPPER_EXTENSION = xctest;
			};
			name = Release;
		};
/* End XCBuildConfiguration section */

/* Begin XCConfigurationList section */
		5CE99437194830900089F309 /* Build configuration list for PBXProject "LiveVTS" */ = {
			isa = XCConfigurationList;
			buildConfigurations = (
				5CE9946C194830900089F309 /* Debug */,
				5CE9946D194830900089F309 /* Release */,
			);
			defaultConfigurationIsVisible = 0;
			defaultConfigurationName = Release;
		};
		5CE9946E194830900089F309 /* Build configuration list for PBXNativeTarget "LiveVTS" */ = {
			isa = XCConfigurationList;
			buildConfigurations = (
				5CE9946F194830900089F309 /* Debug */,
				5CE99470194830900089F309 /* Release */,
			);
			defaultConfigurationIsVisible = 0;
			defaultConfigurationName = Release;
		};
		5CE99471194830900089F309 /* Build configuration list for PBXNativeTarget "LiveVTSTests" */ = {
			isa = XCConfigurationList;
			buildConfigurations = (
				5CE99472194830900089F309 /* Debug */,
				5CE99473194830900089F309 /* Release */,
			);
			defaultConfigurationIsVisible = 0;
			defaultConfigurationName = Release;
		};
/* End XCConfigurationList section */
	};
	rootObject = 5CE99434194830900089F309 /* Project object */;
}
